
Microsoft Visual Studio Solution File, Format Version 12.00
# Visual Studio 15
VisualStudioVersion = 15.0.28307.271
MinimumVisualStudioVersion = 10.0.40219.1
Project("{FAE04EC0-301F-11D3-BF4B-00C04F79EFBC}") = "Vidly", "Vidly\Vidly.csproj", "{31B05549-F432-4D44-AB78-8E3B82C26E19}"
EndProject
Global
	GlobalSection(SolutionConfigurationPlatforms) = preSolution
		Debug|Any CPU = Debug|Any CPU
		PreProduction|Any CPU = PreProduction|Any CPU
		Release|Any CPU = Release|Any CPU
	EndGlobalSection
	GlobalSection(ProjectConfigurationPlatforms) = postSolution
		{31B05549-F432-4D44-AB78-8E3B82C26E19}.Debug|Any CPU.ActiveCfg = Debug|Any CPU
		{31B05549-F432-4D44-AB78-8E3B82C26E19}.Debug|Any CPU.Build.0 = Debug|Any CPU
		{31B05549-F432-4D44-AB78-8E3B82C26E19}.PreProduction|Any CPU.ActiveCfg = PreProduction|Any CPU
		{31B05549-F432-4D44-AB78-8E3B82C26E19}.PreProduction|Any CPU.Build.0 = PreProduction|Any CPU
		{31B05549-F432-4D44-AB78-8E3B82C26E19}.Release|Any CPU.ActiveCfg = Release|Any CPU
		{31B05549-F432-4D44-AB78-8E3B82C26E19}.Release|Any CPU.Build.0 = Release|Any CPU
	EndGlobalSection
	GlobalSection(SolutionProperties) = preSolution
		HideSolutionNode = FALSE
	EndGlobalSection
	GlobalSection(ExtensibilityGlobals) = postSolution
		SolutionGuid = {C622C8D6-52D5-4A58-8AF3-7A6720017DAB}
	EndGlobalSection
EndGlobal
